{
  "requires": true,
  "lockfileVersion": 1,
  "dependencies": {
    "angular2-draggable": {
      "version": "1.4.2",
      "resolved": "https://registry.npmjs.org/angular2-draggable/-/angular2-draggable-1.4.2.tgz",
      "integrity": "sha512-UTR09nsL7MS5zeJh9jPkfvCy1VNqxuYXbqo2jYkenx0iU9NV1oPeuPr9Bl43eC+zKokV2IFxBC37JelFPUgwcA=="
    }
  }
}
